schema: '2.0'
stages:
  split:
    cmd: python src/data/split_data.py
    deps:
    - path: data/raw_data/raw.csv
      hash: md5
      md5: 617b56af2992376d5c3e91ad80823898
      size: 333757
    - path: src/data/split_data.py
      hash: md5
      md5: 8cea508e105f8aed44a21f930d2782d7
      size: 1095
    outs:
    - path: data/processed_data/X_test.csv
      hash: md5
      md5: b2af62a7e108b077aec89fa2622996db
      size: 52624
    - path: data/processed_data/X_train.csv
      hash: md5
      md5: 535251fa6c1a1d098cc7a36e0bd62f38
      size: 209468
    - path: data/processed_data/y_test.csv
      hash: md5
      md5: a051d29629c8bbb4cfb7e85c7f0315da
      size: 6456
    - path: data/processed_data/y_train.csv
      hash: md5
      md5: a9cd9d91da89f732843d72548f64ded3
      size: 25951
  normalize:
    cmd: python src/data/normalize.py
    deps:
    - path: data/processed_data/X_test.csv
      hash: md5
      md5: b2af62a7e108b077aec89fa2622996db
      size: 52624
    - path: data/processed_data/X_train.csv
      hash: md5
      md5: 535251fa6c1a1d098cc7a36e0bd62f38
      size: 209468
    - path: src/data/normalize.py
      hash: md5
      md5: 6d9a6f732920848441859ca2c58e150a
      size: 1058
    outs:
    - path: data/processed_data/X_test_scaled.csv
      hash: md5
      md5: 5e079189af6bd091d651a89fafb1c290
      size: 57026
    - path: data/processed_data/X_train_scaled.csv
      hash: md5
      md5: c1b80eb7f083888b625dd0369cf381f8
      size: 227497
    - path: models/scaling_model.pkl
      hash: md5
      md5: 61d49087f1fa9eb1f01f6a22efb3a579
      size: 820
  gridsearch:
    cmd: python src/models/grid_search.py
    deps:
    - path: data/processed_data/X_train_scaled.csv
      hash: md5
      md5: c1b80eb7f083888b625dd0369cf381f8
      size: 227497
    - path: data/processed_data/y_train.csv
      hash: md5
      md5: a9cd9d91da89f732843d72548f64ded3
      size: 25951
    - path: src/models/grid_search.py
      hash: md5
      md5: e1e9b8f1926658fb8c5469d37b01d16a
      size: 1131
    outs:
    - path: models/best_params.pkl
      hash: md5
      md5: fc88df180f55033ad250f38a6d6bfbcb
      size: 72
  training:
    cmd: python src/models/training.py
    deps:
    - path: data/processed_data/X_train_scaled.csv
      hash: md5
      md5: c1b80eb7f083888b625dd0369cf381f8
      size: 227497
    - path: data/processed_data/y_train.csv
      hash: md5
      md5: a9cd9d91da89f732843d72548f64ded3
      size: 25951
    - path: models/best_params.pkl
      hash: md5
      md5: fc88df180f55033ad250f38a6d6bfbcb
      size: 72
    - path: src/models/training.py
      hash: md5
      md5: a577dbf630e265d10e1d24f6fa3b14c7
      size: 833
    outs:
    - path: models/gbrt_model.pkl
      hash: md5
      md5: e79c5e2d0d3341e53a70e455e94f170e
      size: 396601
  evaluate:
    cmd: python src/models/evaluate.py
    deps:
    - path: data/processed_data/X_test_scaled.csv
      hash: md5
      md5: 5e079189af6bd091d651a89fafb1c290
      size: 57026
    - path: data/processed_data/y_test.csv
      hash: md5
      md5: a051d29629c8bbb4cfb7e85c7f0315da
      size: 6456
    - path: models/gbrt_model.pkl
      hash: md5
      md5: e79c5e2d0d3341e53a70e455e94f170e
      size: 396601
    - path: src/models/evaluate.py
      hash: md5
      md5: efd8a12a8d3ce596a06f42d472b37733
      size: 1163
    outs:
    - path: data/prediction.csv
      hash: md5
      md5: a5dcf81f4f8614ba99149bf866d84e78
      size: 13216
    - path: metrics/scores.json
      hash: md5
      md5: e630d35e8ca24cb60ff62fe0f3a7b779
      size: 64
